
Microsoft Visual Studio Solution File, Format Version 12.00
# Visual Studio Version 16
VisualStudioVersion = 25.0.1703.3
MinimumVisualStudioVersion = 10.0.40219.1
Project("{FAE04EC0-301F-11D3-BF4B-00C04F79EFBC}") = "BankEncapsulationExercise", "BankEncapsulationExercise\BankEncapsulationExercise.csproj", "{52089A0D-78C0-420B-B56C-DE60C82F7B9B}"
EndProject
Global
	GlobalSection(SolutionConfigurationPlatforms) = preSolution
		Debug|Any CPU = Debug|Any CPU
		Release|Any CPU = Release|Any CPU
	EndGlobalSection
	GlobalSection(ProjectConfigurationPlatforms) = postSolution
		{52089A0D-78C0-420B-B56C-DE60C82F7B9B}.Debug|Any CPU.ActiveCfg = Debug|Any CPU
		{52089A0D-78C0-420B-B56C-DE60C82F7B9B}.Debug|Any CPU.Build.0 = Debug|Any CPU
		{52089A0D-78C0-420B-B56C-DE60C82F7B9B}.Release|Any CPU.ActiveCfg = Release|Any CPU
		{52089A0D-78C0-420B-B56C-DE60C82F7B9B}.Release|Any CPU.Build.0 = Release|Any CPU
	EndGlobalSection
	GlobalSection(SolutionProperties) = preSolution
		HideSolutionNode = FALSE
	EndGlobalSection
	GlobalSection(ExtensibilityGlobals) = postSolution
		SolutionGuid = {E43BC9DE-8484-4798-94E4-AE8BB904AA7F}
	EndGlobalSection
EndGlobal
